{
  "name": "pineconedb",
  "version": "1.0.0",
  "lockfileVersion": 3,
  "requires": true,
  "packages": {
    "": {
      "name": "pineconedb",
      "version": "1.0.0",
      "license": "ISC",
      "dependencies": {
        "@pinecone-database/pinecone": "^5.0.2"
      }
    },
    "node_modules/@pinecone-database/pinecone": {
      "version": "5.0.2",
      "resolved": "https://registry.npmjs.org/@pinecone-database/pinecone/-/pinecone-5.0.2.tgz",
      "integrity": "sha512-4Nd6sA/Ds81hem59TWYKkAR/R9cOnYMGDZvkxpay5R2dalCN979353V5Y+zFw8I+Rmi6yi3MsVjg6ls0/EXwCw==",
      "license": "Apache-2.0",
      "engines": {
        "node": ">=18.0.0"
      }
    }
  }
}
